{
  "version": 4,
  "terraform_version": "1.4.2",
  "serial": 12,
  "lineage": "19e3ead8-114b-1831-ba72-b66b044fcf43",
  "outputs": {
    "access_key": {
      "value": "AKIAUR6LRUFAWAANM2EN",
      "type": "string"
    },
    "password": {
      "value": "2rmbC4(!gkWw%)qQpr0o",
      "type": "string"
    },
    "secret_key": {
      "value": "Fwqu6/N7/VKPJcyrFm70RWywyNm9Qsu1/46rHxRC",
      "type": "string",
      "sensitive": true
    }
  },
  "resources": [
    {
      "mode": "data",
      "type": "aws_iam_policy_document",
      "name": "this",
      "provider": "provider[\"registry.terraform.io/hashicorp/aws\"]",
      "instances": [
        {
          "schema_version": 0,
          "attributes": {
            "id": "3587959281",
            "json": "{\n  \"Version\": \"2012-10-17\",\n  \"Statement\": [\n    {\n      \"Sid\": \"\",\n      \"Effect\": \"Allow\",\n      \"Action\": [\n        \"eks:ListUpdates\",\n        \"eks:ListTagsForResource\",\n        \"eks:ListNodegroups\",\n        \"eks:ListIdentityProviderConfigs\",\n        \"eks:ListFargateProfiles\",\n        \"eks:ListClusters\",\n        \"eks:ListAddons\",\n        \"eks:DescribeUpdate\",\n        \"eks:DescribeNodegroup\",\n        \"eks:DescribeIdentityProviderConfig\",\n        \"eks:DescribeFargateProfile\",\n        \"eks:DescribeCluster\",\n        \"eks:DescribeAddonVersions\",\n        \"eks:DescribeAddon\",\n        \"eks:AccessKubernetesApi\"\n      ],\n      \"Resource\": \"*\"\n    },\n    {\n      \"Sid\": \"\",\n      \"Effect\": \"Allow\",\n      \"Action\": \"iam:ChangePassword\",\n      \"Resource\": \"arn:aws:iam::313422618945:user/liridonismajli\"\n    }\n  ]\n}",
            "override_json": null,
            "override_policy_documents": null,
            "policy_id": null,
            "source_json": null,
            "source_policy_documents": null,
            "statement": [
              {
                "actions": [
                  "eks:AccessKubernetesApi",
                  "eks:DescribeAddon",
                  "eks:DescribeAddonVersions",
                  "eks:DescribeCluster",
                  "eks:DescribeFargateProfile",
                  "eks:DescribeIdentityProviderConfig",
                  "eks:DescribeNodegroup",
                  "eks:DescribeUpdate",
                  "eks:ListAddons",
                  "eks:ListClusters",
                  "eks:ListFargateProfiles",
                  "eks:ListIdentityProviderConfigs",
                  "eks:ListNodegroups",
                  "eks:ListTagsForResource",
                  "eks:ListUpdates"
                ],
                "condition": [],
                "effect": "Allow",
                "not_actions": [],
                "not_principals": [],
                "not_resources": [],
                "principals": [],
                "resources": [
                  "*"
                ],
                "sid": ""
              },
              {
                "actions": [
                  "iam:ChangePassword"
                ],
                "condition": [],
                "effect": "Allow",
                "not_actions": [],
                "not_principals": [],
                "not_resources": [],
                "principals": [],
                "resources": [
                  "arn:aws:iam::313422618945:user/liridonismajli"
                ],
                "sid": ""
              }
            ],
            "version": "2012-10-17"
          },
          "sensitive_attributes": []
        }
      ]
    },
    {
      "mode": "managed",
      "type": "aws_iam_access_key",
      "name": "this",
      "provider": "provider[\"registry.terraform.io/hashicorp/aws\"]",
      "instances": [
        {
          "schema_version": 0,
          "attributes": {
            "create_date": "2023-03-28T17:42:27Z",
            "encrypted_secret": null,
            "encrypted_ses_smtp_password_v4": null,
            "id": "AKIAUR6LRUFAWAANM2EN",
            "key_fingerprint": null,
            "pgp_key": null,
            "secret": "Fwqu6/N7/VKPJcyrFm70RWywyNm9Qsu1/46rHxRC",
            "ses_smtp_password_v4": "BGdwkhZ0+1vbU6QfFh03Ti36wwEId7+WZ8EUHmMoR84T",
            "status": "Active",
            "user": "liridonismajli"
          },
          "sensitive_attributes": [],
          "private": "bnVsbA==",
          "dependencies": [
            "aws_iam_user.this"
          ]
        }
      ]
    },
    {
      "mode": "managed",
      "type": "aws_iam_user",
      "name": "this",
      "provider": "provider[\"registry.terraform.io/hashicorp/aws\"]",
      "instances": [
        {
          "schema_version": 0,
          "attributes": {
            "arn": "arn:aws:iam::313422618945:user/liridonismajli",
            "force_destroy": false,
            "id": "liridonismajli",
            "name": "liridonismajli",
            "path": "/",
            "permissions_boundary": null,
            "tags": {
              "Infrastructure": "appstellar-training"
            },
            "tags_all": {
              "Infrastructure": "appstellar-training"
            },
            "unique_id": "AIDAUR6LRUFAWVDAJXSXW"
          },
          "sensitive_attributes": [],
          "private": "bnVsbA=="
        }
      ]
    },
    {
      "mode": "managed",
      "type": "aws_iam_user_login_profile",
      "name": "this",
      "provider": "provider[\"registry.terraform.io/hashicorp/aws\"]",
      "instances": [
        {
          "schema_version": 0,
          "attributes": {
            "encrypted_password": null,
            "id": "liridonismajli",
            "key_fingerprint": null,
            "password": "2rmbC4(!gkWw%)qQpr0o",
            "password_length": 20,
            "password_reset_required": false,
            "pgp_key": null,
            "user": "liridonismajli"
          },
          "sensitive_attributes": [],
          "private": "bnVsbA==",
          "dependencies": [
            "aws_iam_user.this"
          ]
        }
      ]
    },
    {
      "mode": "managed",
      "type": "aws_iam_user_policy",
      "name": "this",
      "provider": "provider[\"registry.terraform.io/hashicorp/aws\"]",
      "instances": [
        {
          "schema_version": 0,
          "attributes": {
            "id": "liridonismajli:liridonismajli-policy",
            "name": "liridonismajli-policy",
            "name_prefix": null,
            "policy": "{\"Version\":\"2012-10-17\",\"Statement\":[{\"Action\":[\"eks:ListUpdates\",\"eks:ListTagsForResource\",\"eks:ListNodegroups\",\"eks:ListIdentityProviderConfigs\",\"eks:ListFargateProfiles\",\"eks:ListClusters\",\"eks:ListAddons\",\"eks:DescribeUpdate\",\"eks:DescribeNodegroup\",\"eks:DescribeIdentityProviderConfig\",\"eks:DescribeFargateProfile\",\"eks:DescribeCluster\",\"eks:DescribeAddonVersions\",\"eks:DescribeAddon\",\"eks:AccessKubernetesApi\"],\"Effect\":\"Allow\",\"Resource\":\"*\",\"Sid\":\"\"},{\"Action\":\"iam:ChangePassword\",\"Effect\":\"Allow\",\"Resource\":\"arn:aws:iam::313422618945:user/liridonismajli\",\"Sid\":\"\"}]}",
            "user": "liridonismajli"
          },
          "sensitive_attributes": [],
          "private": "bnVsbA==",
          "dependencies": [
            "aws_iam_user.this",
            "data.aws_iam_policy_document.this"
          ]
        }
      ]
    }
  ],
  "check_results": null
}
